
Microsoft Visual Studio Solution File, Format Version 12.00
# Visual Studio Version 16
VisualStudioVersion = 16.0.30503.244
MinimumVisualStudioVersion = 10.0.40219.1
Project("{FAE04EC0-301F-11D3-BF4B-00C04F79EFBC}") = "Demo.AzFuncWithHealthChecks", "Demo.AzFuncWithHealthChecks.csproj", "{D27462A5-34CB-445F-BFE2-E833DD4F86BF}"
EndProject
Global
	GlobalSection(SolutionConfigurationPlatforms) = preSolution
		Debug|Any CPU = Debug|Any CPU
		Release|Any CPU = Release|Any CPU
	EndGlobalSection
	GlobalSection(ProjectConfigurationPlatforms) = postSolution
		{D27462A5-34CB-445F-BFE2-E833DD4F86BF}.Debug|Any CPU.ActiveCfg = Debug|Any CPU
		{D27462A5-34CB-445F-BFE2-E833DD4F86BF}.Debug|Any CPU.Build.0 = Debug|Any CPU
		{D27462A5-34CB-445F-BFE2-E833DD4F86BF}.Release|Any CPU.ActiveCfg = Release|Any CPU
		{D27462A5-34CB-445F-BFE2-E833DD4F86BF}.Release|Any CPU.Build.0 = Release|Any CPU
	EndGlobalSection
	GlobalSection(SolutionProperties) = preSolution
		HideSolutionNode = FALSE
	EndGlobalSection
	GlobalSection(ExtensibilityGlobals) = postSolution
		SolutionGuid = {C1265D53-13B0-4B00-A808-AB5A60FB4337}
	EndGlobalSection
EndGlobal
